// !$*UTF8*$!
{
	archiveVersion = 1;
	classes = {
	};
	objectVersion = 56;
	objects = {

/* Begin PBXBuildFile section */
		23915C462C3C51F400AF4B01 /* click.m4a in Resources */ = {isa = PBXBuildFile; fileRef = 23915C452C3C51F100AF4B01 /* click.m4a */; };
		23915C492C3C5D5900AF4B01 /* CalculatorVM.swift in Sources */ = {isa = PBXBuildFile; fileRef = 3BACF5612C3A8C6E000CC41A /* CalculatorVM.swift */; };
		23915C4B2C3C614700AF4B01 /* TipCalculatorSnapshotTests.swift in Sources */ = {isa = PBXBuildFile; fileRef = 23915C4A2C3C614700AF4B01 /* TipCalculatorSnapshotTests.swift */; };
		23915C4C2C3C628400AF4B01 /* ScreenIdentifier.swift in Sources */ = {isa = PBXBuildFile; fileRef = 3BACF5542C391752000CC41A /* ScreenIdentifier.swift */; };
		3BACF54E2C3912CE000CC41A /* UIView+Extension.swift in Sources */ = {isa = PBXBuildFile; fileRef = 3BACF54D2C3912CE000CC41A /* UIView+Extension.swift */; };
		3BACF5502C3915D1000CC41A /* AmountView.swift in Sources */ = {isa = PBXBuildFile; fileRef = 3BACF54F2C3915D1000CC41A /* AmountView.swift */; };
		3BACF5522C3916A4000CC41A /* Double+Extension.swift in Sources */ = {isa = PBXBuildFile; fileRef = 3BACF5512C3916A4000CC41A /* Double+Extension.swift */; };
		3BACF5552C391752000CC41A /* ScreenIdentifier.swift in Sources */ = {isa = PBXBuildFile; fileRef = 3BACF5542C391752000CC41A /* ScreenIdentifier.swift */; };
		3BACF5572C391A70000CC41A /* String+Extension.swift in Sources */ = {isa = PBXBuildFile; fileRef = 3BACF5562C391A70000CC41A /* String+Extension.swift */; };
		3BACF5592C391A90000CC41A /* HeaderView.swift in Sources */ = {isa = PBXBuildFile; fileRef = 3BACF5582C391A90000CC41A /* HeaderView.swift */; };
		3BACF55B2C3A8771000CC41A /* Tip.swift in Sources */ = {isa = PBXBuildFile; fileRef = 3BACF55A2C3A8771000CC41A /* Tip.swift */; };
		3BACF55D2C3A87B1000CC41A /* UIResponder+Extension.swift in Sources */ = {isa = PBXBuildFile; fileRef = 3BACF55C2C3A87B1000CC41A /* UIResponder+Extension.swift */; };
		3BACF55F2C3A8A51000CC41A /* Int+Extension.swift in Sources */ = {isa = PBXBuildFile; fileRef = 3BACF55E2C3A8A51000CC41A /* Int+Extension.swift */; };
		3BACF5642C3AF892000CC41A /* Result.swift in Sources */ = {isa = PBXBuildFile; fileRef = 3BACF5632C3AF892000CC41A /* Result.swift */; };
		3BACF5672C3AF975000CC41A /* AudioPlayerService.swift in Sources */ = {isa = PBXBuildFile; fileRef = 3BACF5662C3AF975000CC41A /* AudioPlayerService.swift */; };
		3BB28E7C2C36D6A50073E5FF /* AppDelegate.swift in Sources */ = {isa = PBXBuildFile; fileRef = 3BB28E7B2C36D6A50073E5FF /* AppDelegate.swift */; };
		3BB28E7E2C36D6A50073E5FF /* SceneDelegate.swift in Sources */ = {isa = PBXBuildFile; fileRef = 3BB28E7D2C36D6A50073E5FF /* SceneDelegate.swift */; };
		3BB28E802C36D6A50073E5FF /* CalculatorVC.swift in Sources */ = {isa = PBXBuildFile; fileRef = 3BB28E7F2C36D6A50073E5FF /* CalculatorVC.swift */; };
		3BB28E852C36D6A60073E5FF /* Assets.xcassets in Resources */ = {isa = PBXBuildFile; fileRef = 3BB28E842C36D6A60073E5FF /* Assets.xcassets */; };
		3BB28E882C36D6A60073E5FF /* Base in Resources */ = {isa = PBXBuildFile; fileRef = 3BB28E872C36D6A60073E5FF /* Base */; };
		3BB28E932C36D6A60073E5FF /* TipCalculatorTests.swift in Sources */ = {isa = PBXBuildFile; fileRef = 3BB28E922C36D6A60073E5FF /* TipCalculatorTests.swift */; };
		3BB28E9D2C36D6A60073E5FF /* TipCalculatorUITests.swift in Sources */ = {isa = PBXBuildFile; fileRef = 3BB28E9C2C36D6A60073E5FF /* TipCalculatorUITests.swift */; };
		3BB28E9F2C36D6A60073E5FF /* CalculatorScreen.swift in Sources */ = {isa = PBXBuildFile; fileRef = 3BB28E9E2C36D6A60073E5FF /* CalculatorScreen.swift */; };
		3BB28EAD2C36DBBB0073E5FF /* CombineCocoa in Frameworks */ = {isa = PBXBuildFile; productRef = 3BB28EAC2C36DBBB0073E5FF /* CombineCocoa */; };
		3BB28EB02C36DBDB0073E5FF /* SnapKit in Frameworks */ = {isa = PBXBuildFile; productRef = 3BB28EAF2C36DBDB0073E5FF /* SnapKit */; };
		3BB28EB32C36DC070073E5FF /* CombineCocoa in Frameworks */ = {isa = PBXBuildFile; productRef = 3BB28EB22C36DC070073E5FF /* CombineCocoa */; };
		3BB28EB62C36DC770073E5FF /* SnapshotTesting in Frameworks */ = {isa = PBXBuildFile; productRef = 3BB28EB52C36DC770073E5FF /* SnapshotTesting */; };
		3BB28EB82C36DC910073E5FF /* CombineCocoa in Frameworks */ = {isa = PBXBuildFile; productRef = 3BB28EB72C36DC910073E5FF /* CombineCocoa */; };
		3BB28EBB2C36E1950073E5FF /* LogoView.swift in Sources */ = {isa = PBXBuildFile; fileRef = 3BB28EBA2C36E1950073E5FF /* LogoView.swift */; };
		3BB28EBD2C36E2CE0073E5FF /* ResultView.swift in Sources */ = {isa = PBXBuildFile; fileRef = 3BB28EBC2C36E2CE0073E5FF /* ResultView.swift */; };
		3BB28EBF2C36E3270073E5FF /* BillInputView.swift in Sources */ = {isa = PBXBuildFile; fileRef = 3BB28EBE2C36E3270073E5FF /* BillInputView.swift */; };
		3BB28EC12C36E33F0073E5FF /* TipInputView.swift in Sources */ = {isa = PBXBuildFile; fileRef = 3BB28EC02C36E33F0073E5FF /* TipInputView.swift */; };
		3BB28EC32C36E3500073E5FF /* SplitInputView.swift in Sources */ = {isa = PBXBuildFile; fileRef = 3BB28EC22C36E3500073E5FF /* SplitInputView.swift */; };
		3BB28EC62C36EC7A0073E5FF /* ThemeFont.swift in Sources */ = {isa = PBXBuildFile; fileRef = 3BB28EC52C36EC7A0073E5FF /* ThemeFont.swift */; };
		3BB28EC82C36EC810073E5FF /* ThemeColor.swift in Sources */ = {isa = PBXBuildFile; fileRef = 3BB28EC72C36EC810073E5FF /* ThemeColor.swift */; };
		3BB28ECB2C36ECC10073E5FF /* UIColor+Extension.swift in Sources */ = {isa = PBXBuildFile; fileRef = 3BB28ECA2C36ECC10073E5FF /* UIColor+Extension.swift */; };
		3BB28ECE2C36F5EA0073E5FF /* LabelFactory.swift in Sources */ = {isa = PBXBuildFile; fileRef = 3BB28ECD2C36F5EA0073E5FF /* LabelFactory.swift */; };
/* End PBXBuildFile section */

/* Begin PBXContainerItemProxy section */
		3BB28E8F2C36D6A60073E5FF /* PBXContainerItemProxy */ = {
			isa = PBXContainerItemProxy;
			containerPortal = 3BB28E702C36D6A50073E5FF /* Project object */;
			proxyType = 1;
			remoteGlobalIDString = 3BB28E772C36D6A50073E5FF;
			remoteInfo = "tip-calculator";
		};
		3BB28E992C36D6A60073E5FF /* PBXContainerItemProxy */ = {
			isa = PBXContainerItemProxy;
			containerPortal = 3BB28E702C36D6A50073E5FF /* Project object */;
			proxyType = 1;
			remoteGlobalIDString = 3BB28E772C36D6A50073E5FF;
			remoteInfo = "tip-calculator";
		};
/* End PBXContainerItemProxy section */

/* Begin PBXFileReference section */
		23915C452C3C51F100AF4B01 /* click.m4a */ = {isa = PBXFileReference; lastKnownFileType = file; path = click.m4a; sourceTree = "<group>"; };
		23915C4A2C3C614700AF4B01 /* TipCalculatorSnapshotTests.swift */ = {isa = PBXFileReference; lastKnownFileType = sourcecode.swift; path = TipCalculatorSnapshotTests.swift; sourceTree = "<group>"; };
		3BACF54D2C3912CE000CC41A /* UIView+Extension.swift */ = {isa = PBXFileReference; lastKnownFileType = sourcecode.swift; path = "UIView+Extension.swift"; sourceTree = "<group>"; };
		3BACF54F2C3915D1000CC41A /* AmountView.swift */ = {isa = PBXFileReference; lastKnownFileType = sourcecode.swift; path = AmountView.swift; sourceTree = "<group>"; };
		3BACF5512C3916A4000CC41A /* Double+Extension.swift */ = {isa = PBXFileReference; lastKnownFileType = sourcecode.swift; path = "Double+Extension.swift"; sourceTree = "<group>"; };
		3BACF5542C391752000CC41A /* ScreenIdentifier.swift */ = {isa = PBXFileReference; lastKnownFileType = sourcecode.swift; path = ScreenIdentifier.swift; sourceTree = "<group>"; };
		3BACF5562C391A70000CC41A /* String+Extension.swift */ = {isa = PBXFileReference; lastKnownFileType = sourcecode.swift; path = "String+Extension.swift"; sourceTree = "<group>"; };
		3BACF5582C391A90000CC41A /* HeaderView.swift */ = {isa = PBXFileReference; lastKnownFileType = sourcecode.swift; path = HeaderView.swift; sourceTree = "<group>"; };
		3BACF55A2C3A8771000CC41A /* Tip.swift */ = {isa = PBXFileReference; lastKnownFileType = sourcecode.swift; path = Tip.swift; sourceTree = "<group>"; };
		3BACF55C2C3A87B1000CC41A /* UIResponder+Extension.swift */ = {isa = PBXFileReference; lastKnownFileType = sourcecode.swift; path = "UIResponder+Extension.swift"; sourceTree = "<group>"; };
		3BACF55E2C3A8A51000CC41A /* Int+Extension.swift */ = {isa = PBXFileReference; lastKnownFileType = sourcecode.swift; path = "Int+Extension.swift"; sourceTree = "<group>"; };
		3BACF5612C3A8C6E000CC41A /* CalculatorVM.swift */ = {isa = PBXFileReference; lastKnownFileType = sourcecode.swift; path = CalculatorVM.swift; sourceTree = "<group>"; };
		3BACF5632C3AF892000CC41A /* Result.swift */ = {isa = PBXFileReference; lastKnownFileType = sourcecode.swift; path = Result.swift; sourceTree = "<group>"; };
		3BACF5662C3AF975000CC41A /* AudioPlayerService.swift */ = {isa = PBXFileReference; lastKnownFileType = sourcecode.swift; path = AudioPlayerService.swift; sourceTree = "<group>"; };
		3BB28E782C36D6A50073E5FF /* tip-calculator.app */ = {isa = PBXFileReference; explicitFileType = wrapper.application; includeInIndex = 0; path = "tip-calculator.app"; sourceTree = BUILT_PRODUCTS_DIR; };
		3BB28E7B2C36D6A50073E5FF /* AppDelegate.swift */ = {isa = PBXFileReference; lastKnownFileType = sourcecode.swift; path = AppDelegate.swift; sourceTree = "<group>"; };
		3BB28E7D2C36D6A50073E5FF /* SceneDelegate.swift */ = {isa = PBXFileReference; lastKnownFileType = sourcecode.swift; path = SceneDelegate.swift; sourceTree = "<group>"; };
		3BB28E7F2C36D6A50073E5FF /* CalculatorVC.swift */ = {isa = PBXFileReference; lastKnownFileType = sourcecode.swift; path = CalculatorVC.swift; sourceTree = "<group>"; };
		3BB28E842C36D6A60073E5FF /* Assets.xcassets */ = {isa = PBXFileReference; lastKnownFileType = folder.assetcatalog; path = Assets.xcassets; sourceTree = "<group>"; };
		3BB28E872C36D6A60073E5FF /* Base */ = {isa = PBXFileReference; lastKnownFileType = file.storyboard; name = Base; path = Base.lproj/LaunchScreen.storyboard; sourceTree = "<group>"; };
		3BB28E892C36D6A60073E5FF /* Info.plist */ = {isa = PBXFileReference; lastKnownFileType = text.plist.xml; path = Info.plist; sourceTree = "<group>"; };
		3BB28E8E2C36D6A60073E5FF /* tip-calculatorTests.xctest */ = {isa = PBXFileReference; explicitFileType = wrapper.cfbundle; includeInIndex = 0; path = "tip-calculatorTests.xctest"; sourceTree = BUILT_PRODUCTS_DIR; };
		3BB28E922C36D6A60073E5FF /* TipCalculatorTests.swift */ = {isa = PBXFileReference; lastKnownFileType = sourcecode.swift; path = TipCalculatorTests.swift; sourceTree = "<group>"; };
		3BB28E982C36D6A60073E5FF /* tip-calculatorUITests.xctest */ = {isa = PBXFileReference; explicitFileType = wrapper.cfbundle; includeInIndex = 0; path = "tip-calculatorUITests.xctest"; sourceTree = BUILT_PRODUCTS_DIR; };
		3BB28E9C2C36D6A60073E5FF /* TipCalculatorUITests.swift */ = {isa = PBXFileReference; lastKnownFileType = sourcecode.swift; path = TipCalculatorUITests.swift; sourceTree = "<group>"; };
		3BB28E9E2C36D6A60073E5FF /* CalculatorScreen.swift */ = {isa = PBXFileReference; lastKnownFileType = sourcecode.swift; path = CalculatorScreen.swift; sourceTree = "<group>"; };
		3BB28EBA2C36E1950073E5FF /* LogoView.swift */ = {isa = PBXFileReference; lastKnownFileType = sourcecode.swift; path = LogoView.swift; sourceTree = "<group>"; };
		3BB28EBC2C36E2CE0073E5FF /* ResultView.swift */ = {isa = PBXFileReference; lastKnownFileType = sourcecode.swift; path = ResultView.swift; sourceTree = "<group>"; };
		3BB28EBE2C36E3270073E5FF /* BillInputView.swift */ = {isa = PBXFileReference; lastKnownFileType = sourcecode.swift; path = BillInputView.swift; sourceTree = "<group>"; };
		3BB28EC02C36E33F0073E5FF /* TipInputView.swift */ = {isa = PBXFileReference; lastKnownFileType = sourcecode.swift; path = TipInputView.swift; sourceTree = "<group>"; };
		3BB28EC22C36E3500073E5FF /* SplitInputView.swift */ = {isa = PBXFileReference; lastKnownFileType = sourcecode.swift; path = SplitInputView.swift; sourceTree = "<group>"; };
		3BB28EC52C36EC7A0073E5FF /* ThemeFont.swift */ = {isa = PBXFileReference; lastKnownFileType = sourcecode.swift; path = ThemeFont.swift; sourceTree = "<group>"; };
		3BB28EC72C36EC810073E5FF /* ThemeColor.swift */ = {isa = PBXFileReference; lastKnownFileType = sourcecode.swift; path = ThemeColor.swift; sourceTree = "<group>"; };
		3BB28ECA2C36ECC10073E5FF /* UIColor+Extension.swift */ = {isa = PBXFileReference; lastKnownFileType = sourcecode.swift; path = "UIColor+Extension.swift"; sourceTree = "<group>"; };
		3BB28ECD2C36F5EA0073E5FF /* LabelFactory.swift */ = {isa = PBXFileReference; lastKnownFileType = sourcecode.swift; path = LabelFactory.swift; sourceTree = "<group>"; };
/* End PBXFileReference section */

/* Begin PBXFrameworksBuildPhase section */
		3BB28E752C36D6A50073E5FF /* Frameworks */ = {
			isa = PBXFrameworksBuildPhase;
			buildActionMask = 2147483647;
			files = (
				3BB28EAD2C36DBBB0073E5FF /* CombineCocoa in Frameworks */,
				3BB28EB02C36DBDB0073E5FF /* SnapKit in Frameworks */,
			);
			runOnlyForDeploymentPostprocessing = 0;
		};
		3BB28E8B2C36D6A60073E5FF /* Frameworks */ = {
			isa = PBXFrameworksBuildPhase;
			buildActionMask = 2147483647;
			files = (
				3BB28EB32C36DC070073E5FF /* CombineCocoa in Frameworks */,
				3BB28EB62C36DC770073E5FF /* SnapshotTesting in Frameworks */,
			);
			runOnlyForDeploymentPostprocessing = 0;
		};
		3BB28E952C36D6A60073E5FF /* Frameworks */ = {
			isa = PBXFrameworksBuildPhase;
			buildActionMask = 2147483647;
			files = (
				3BB28EB82C36DC910073E5FF /* CombineCocoa in Frameworks */,
			);
			runOnlyForDeploymentPostprocessing = 0;
		};
/* End PBXFrameworksBuildPhase section */

/* Begin PBXGroup section */
		3BACF5532C39174C000CC41A /* Model */ = {
			isa = PBXGroup;
			children = (
				3BACF5542C391752000CC41A /* ScreenIdentifier.swift */,
				3BACF5632C3AF892000CC41A /* Result.swift */,
				3BACF55A2C3A8771000CC41A /* Tip.swift */,
			);
			path = Model;
			sourceTree = "<group>";
		};
		3BACF5602C3A8C5B000CC41A /* ViewModel */ = {
			isa = PBXGroup;
			children = (
				3BACF5612C3A8C6E000CC41A /* CalculatorVM.swift */,
			);
			path = ViewModel;
			sourceTree = "<group>";
		};
		3BACF5652C3AF96A000CC41A /* service */ = {
			isa = PBXGroup;
			children = (
				3BACF5662C3AF975000CC41A /* AudioPlayerService.swift */,
			);
			path = service;
			sourceTree = "<group>";
		};
		3BACF5682C3BBFCD000CC41A /* Resource */ = {
			isa = PBXGroup;
			children = (
				23915C452C3C51F100AF4B01 /* click.m4a */,
			);
			path = Resource;
			sourceTree = "<group>";
		};
		3BB28E6F2C36D6A50073E5FF = {
			isa = PBXGroup;
			children = (
				3BB28E7A2C36D6A50073E5FF /* tip-calculator */,
				3BB28E912C36D6A60073E5FF /* tip-calculatorTests */,
				3BB28E9B2C36D6A60073E5FF /* tip-calculatorUITests */,
				3BB28E792C36D6A50073E5FF /* Products */,
				3BB28EB12C36DC070073E5FF /* Frameworks */,
			);
			sourceTree = "<group>";
		};
		3BB28E792C36D6A50073E5FF /* Products */ = {
			isa = PBXGroup;
			children = (
				3BB28E782C36D6A50073E5FF /* tip-calculator.app */,
				3BB28E8E2C36D6A60073E5FF /* tip-calculatorTests.xctest */,
				3BB28E982C36D6A60073E5FF /* tip-calculatorUITests.xctest */,
			);
			name = Products;
			sourceTree = "<group>";
		};
		3BB28E7A2C36D6A50073E5FF /* tip-calculator */ = {
			isa = PBXGroup;
			children = (
				3BACF5682C3BBFCD000CC41A /* Resource */,
				3BACF5652C3AF96A000CC41A /* service */,
				3BACF5602C3A8C5B000CC41A /* ViewModel */,
				3BACF5532C39174C000CC41A /* Model */,
				3BB28ECC2C36F5D30073E5FF /* Factory */,
				3BB28EC92C36ECB30073E5FF /* Extension */,
				3BB28EC42C36EC6E0073E5FF /* Config */,
				3BB28EB92C36E17E0073E5FF /* View */,
				3BB28E7B2C36D6A50073E5FF /* AppDelegate.swift */,
				3BB28E7D2C36D6A50073E5FF /* SceneDelegate.swift */,
				3BB28E7F2C36D6A50073E5FF /* CalculatorVC.swift */,
				3BB28E842C36D6A60073E5FF /* Assets.xcassets */,
				3BB28E862C36D6A60073E5FF /* LaunchScreen.storyboard */,
				3BB28E892C36D6A60073E5FF /* Info.plist */,
			);
			path = "tip-calculator";
			sourceTree = "<group>";
		};
		3BB28E912C36D6A60073E5FF /* tip-calculatorTests */ = {
			isa = PBXGroup;
			children = (
				3BB28E922C36D6A60073E5FF /* TipCalculatorTests.swift */,
				23915C4A2C3C614700AF4B01 /* TipCalculatorSnapshotTests.swift */,
			);
			path = "tip-calculatorTests";
			sourceTree = "<group>";
		};
		3BB28E9B2C36D6A60073E5FF /* tip-calculatorUITests */ = {
			isa = PBXGroup;
			children = (
				3BB28E9C2C36D6A60073E5FF /* TipCalculatorUITests.swift */,
				3BB28E9E2C36D6A60073E5FF /* CalculatorScreen.swift */,
			);
			path = "tip-calculatorUITests";
			sourceTree = "<group>";
		};
		3BB28EB12C36DC070073E5FF /* Frameworks */ = {
			isa = PBXGroup;
			children = (
			);
			name = Frameworks;
			sourceTree = "<group>";
		};
		3BB28EB92C36E17E0073E5FF /* View */ = {
			isa = PBXGroup;
			children = (
				3BB28EBA2C36E1950073E5FF /* LogoView.swift */,
				3BB28EBC2C36E2CE0073E5FF /* ResultView.swift */,
				3BB28EBE2C36E3270073E5FF /* BillInputView.swift */,
				3BB28EC02C36E33F0073E5FF /* TipInputView.swift */,
				3BB28EC22C36E3500073E5FF /* SplitInputView.swift */,
				3BACF54F2C3915D1000CC41A /* AmountView.swift */,
				3BACF5582C391A90000CC41A /* HeaderView.swift */,
			);
			path = View;
			sourceTree = "<group>";
		};
		3BB28EC42C36EC6E0073E5FF /* Config */ = {
			isa = PBXGroup;
			children = (
				3BB28EC72C36EC810073E5FF /* ThemeColor.swift */,
				3BB28EC52C36EC7A0073E5FF /* ThemeFont.swift */,
			);
			path = Config;
			sourceTree = "<group>";
		};
		3BB28EC92C36ECB30073E5FF /* Extension */ = {
			isa = PBXGroup;
			children = (
				3BB28ECA2C36ECC10073E5FF /* UIColor+Extension.swift */,
				3BACF54D2C3912CE000CC41A /* UIView+Extension.swift */,
				3BACF5512C3916A4000CC41A /* Double+Extension.swift */,
				3BACF5562C391A70000CC41A /* String+Extension.swift */,
				3BACF55C2C3A87B1000CC41A /* UIResponder+Extension.swift */,
				3BACF55E2C3A8A51000CC41A /* Int+Extension.swift */,
			);
			path = Extension;
			sourceTree = "<group>";
		};
		3BB28ECC2C36F5D30073E5FF /* Factory */ = {
			isa = PBXGroup;
			children = (
				3BB28ECD2C36F5EA0073E5FF /* LabelFactory.swift */,
			);
			path = Factory;
			sourceTree = "<group>";
		};
/* End PBXGroup section */

/* Begin PBXNativeTarget section */
		3BB28E772C36D6A50073E5FF /* tip-calculator */ = {
			isa = PBXNativeTarget;
			buildConfigurationList = 3BB28EA22C36D6A60073E5FF /* Build configuration list for PBXNativeTarget "tip-calculator" */;
			buildPhases = (
				3BB28E742C36D6A50073E5FF /* Sources */,
				3BB28E752C36D6A50073E5FF /* Frameworks */,
				3BB28E762C36D6A50073E5FF /* Resources */,
			);
			buildRules = (
			);
			dependencies = (
			);
			name = "tip-calculator";
			packageProductDependencies = (
				3BB28EAC2C36DBBB0073E5FF /* CombineCocoa */,
				3BB28EAF2C36DBDB0073E5FF /* SnapKit */,
			);
			productName = "tip-calculator";
			productReference = 3BB28E782C36D6A50073E5FF /* tip-calculator.app */;
			productType = "com.apple.product-type.application";
		};
		3BB28E8D2C36D6A60073E5FF /* tip-calculatorTests */ = {
			isa = PBXNativeTarget;
			buildConfigurationList = 3BB28EA52C36D6A60073E5FF /* Build configuration list for PBXNativeTarget "tip-calculatorTests" */;
			buildPhases = (
				3BB28E8A2C36D6A60073E5FF /* Sources */,
				3BB28E8B2C36D6A60073E5FF /* Frameworks */,
				3BB28E8C2C36D6A60073E5FF /* Resources */,
			);
			buildRules = (
			);
			dependencies = (
				3BB28E902C36D6A60073E5FF /* PBXTargetDependency */,
			);
			name = "tip-calculatorTests";
			packageProductDependencies = (
				3BB28EB22C36DC070073E5FF /* CombineCocoa */,
				3BB28EB52C36DC770073E5FF /* SnapshotTesting */,
			);
			productName = "tip-calculatorTests";
			productReference = 3BB28E8E2C36D6A60073E5FF /* tip-calculatorTests.xctest */;
			productType = "com.apple.product-type.bundle.unit-test";
		};
		3BB28E972C36D6A60073E5FF /* tip-calculatorUITests */ = {
			isa = PBXNativeTarget;
			buildConfigurationList = 3BB28EA82C36D6A60073E5FF /* Build configuration list for PBXNativeTarget "tip-calculatorUITests" */;
			buildPhases = (
				3BB28E942C36D6A60073E5FF /* Sources */,
				3BB28E952C36D6A60073E5FF /* Frameworks */,
				3BB28E962C36D6A60073E5FF /* Resources */,
			);
			buildRules = (
			);
			dependencies = (
				3BB28E9A2C36D6A60073E5FF /* PBXTargetDependency */,
			);
			name = "tip-calculatorUITests";
			packageProductDependencies = (
				3BB28EB72C36DC910073E5FF /* CombineCocoa */,
			);
			productName = "tip-calculatorUITests";
			productReference = 3BB28E982C36D6A60073E5FF /* tip-calculatorUITests.xctest */;
			productType = "com.apple.product-type.bundle.ui-testing";
		};
/* End PBXNativeTarget section */

/* Begin PBXProject section */
		3BB28E702C36D6A50073E5FF /* Project object */ = {
			isa = PBXProject;
			attributes = {
				BuildIndependentTargetsInParallel = 1;
				LastSwiftUpdateCheck = 1530;
				LastUpgradeCheck = 1530;
				TargetAttributes = {
					3BB28E772C36D6A50073E5FF = {
						CreatedOnToolsVersion = 15.3;
					};
					3BB28E8D2C36D6A60073E5FF = {
						CreatedOnToolsVersion = 15.3;
						TestTargetID = 3BB28E772C36D6A50073E5FF;
					};
					3BB28E972C36D6A60073E5FF = {
						CreatedOnToolsVersion = 15.3;
						TestTargetID = 3BB28E772C36D6A50073E5FF;
					};
				};
			};
			buildConfigurationList = 3BB28E732C36D6A50073E5FF /* Build configuration list for PBXProject "tip-calculator" */;
			compatibilityVersion = "Xcode 14.0";
			developmentRegion = en;
			hasScannedForEncodings = 0;
			knownRegions = (
				en,
				Base,
			);
			mainGroup = 3BB28E6F2C36D6A50073E5FF;
			packageReferences = (
				3BB28EAB2C36DBBB0073E5FF /* XCRemoteSwiftPackageReference "CombineCocoa" */,
				3BB28EAE2C36DBDB0073E5FF /* XCRemoteSwiftPackageReference "SnapKit" */,
				3BB28EB42C36DC770073E5FF /* XCRemoteSwiftPackageReference "swift-snapshot-testing" */,
			);
			productRefGroup = 3BB28E792C36D6A50073E5FF /* Products */;
			projectDirPath = "";
			projectRoot = "";
			targets = (
				3BB28E772C36D6A50073E5FF /* tip-calculator */,
				3BB28E8D2C36D6A60073E5FF /* tip-calculatorTests */,
				3BB28E972C36D6A60073E5FF /* tip-calculatorUITests */,
			);
		};
/* End PBXProject section */

/* Begin PBXResourcesBuildPhase section */
		3BB28E762C36D6A50073E5FF /* Resources */ = {
			isa = PBXResourcesBuildPhase;
			buildActionMask = 2147483647;
			files = (
				23915C462C3C51F400AF4B01 /* click.m4a in Resources */,
				3BB28E852C36D6A60073E5FF /* Assets.xcassets in Resources */,
				3BB28E882C36D6A60073E5FF /* Base in Resources */,
			);
			runOnlyForDeploymentPostprocessing = 0;
		};
		3BB28E8C2C36D6A60073E5FF /* Resources */ = {
			isa = PBXResourcesBuildPhase;
			buildActionMask = 2147483647;
			files = (
			);
			runOnlyForDeploymentPostprocessing = 0;
		};
		3BB28E962C36D6A60073E5FF /* Resources */ = {
			isa = PBXResourcesBuildPhase;
			buildActionMask = 2147483647;
			files = (
			);
			runOnlyForDeploymentPostprocessing = 0;
		};
/* End PBXResourcesBuildPhase section */

/* Begin PBXSourcesBuildPhase section */
		3BB28E742C36D6A50073E5FF /* Sources */ = {
			isa = PBXSourcesBuildPhase;
			buildActionMask = 2147483647;
			files = (
				3BACF5502C3915D1000CC41A /* AmountView.swift in Sources */,
				3BACF5592C391A90000CC41A /* HeaderView.swift in Sources */,
				3BACF55D2C3A87B1000CC41A /* UIResponder+Extension.swift in Sources */,
				3BACF55F2C3A8A51000CC41A /* Int+Extension.swift in Sources */,
				3BB28E802C36D6A50073E5FF /* CalculatorVC.swift in Sources */,
				3BACF54E2C3912CE000CC41A /* UIView+Extension.swift in Sources */,
				3BB28EBB2C36E1950073E5FF /* LogoView.swift in Sources */,
				3BACF5552C391752000CC41A /* ScreenIdentifier.swift in Sources */,
				3BB28EBF2C36E3270073E5FF /* BillInputView.swift in Sources */,
				3BB28ECB2C36ECC10073E5FF /* UIColor+Extension.swift in Sources */,
				23915C492C3C5D5900AF4B01 /* CalculatorVM.swift in Sources */,
				3BACF5672C3AF975000CC41A /* AudioPlayerService.swift in Sources */,
				3BB28EC62C36EC7A0073E5FF /* ThemeFont.swift in Sources */,
				3BACF5572C391A70000CC41A /* String+Extension.swift in Sources */,
				3BACF5642C3AF892000CC41A /* Result.swift in Sources */,
				3BB28EBD2C36E2CE0073E5FF /* ResultView.swift in Sources */,
				3BACF55B2C3A8771000CC41A /* Tip.swift in Sources */,
				3BACF5522C3916A4000CC41A /* Double+Extension.swift in Sources */,
				3BB28E7C2C36D6A50073E5FF /* AppDelegate.swift in Sources */,
				3BB28E7E2C36D6A50073E5FF /* SceneDelegate.swift in Sources */,
				3BB28EC32C36E3500073E5FF /* SplitInputView.swift in Sources */,
				3BB28ECE2C36F5EA0073E5FF /* LabelFactory.swift in Sources */,
				3BB28EC12C36E33F0073E5FF /* TipInputView.swift in Sources */,
				3BB28EC82C36EC810073E5FF /* ThemeColor.swift in Sources */,
			);
			runOnlyForDeploymentPostprocessing = 0;
		};
		3BB28E8A2C36D6A60073E5FF /* Sources */ = {
			isa = PBXSourcesBuildPhase;
			buildActionMask = 2147483647;
			files = (
				23915C4B2C3C614700AF4B01 /* TipCalculatorSnapshotTests.swift in Sources */,
				3BB28E932C36D6A60073E5FF /* TipCalculatorTests.swift in Sources */,
			);
			runOnlyForDeploymentPostprocessing = 0;
		};
		3BB28E942C36D6A60073E5FF /* Sources */ = {
			isa = PBXSourcesBuildPhase;
			buildActionMask = 2147483647;
			files = (
				3BB28E9F2C36D6A60073E5FF /* CalculatorScreen.swift in Sources */,
				23915C4C2C3C628400AF4B01 /* ScreenIdentifier.swift in Sources */,
				3BB28E9D2C36D6A60073E5FF /* TipCalculatorUITests.swift in Sources */,
			);
			runOnlyForDeploymentPostprocessing = 0;
		};
/* End PBXSourcesBuildPhase section */

/* Begin PBXTargetDependency section */
		3BB28E902C36D6A60073E5FF /* PBXTargetDependency */ = {
			isa = PBXTargetDependency;
			target = 3BB28E772C36D6A50073E5FF /* tip-calculator */;
			targetProxy = 3BB28E8F2C36D6A60073E5FF /* PBXContainerItemProxy */;
		};
		3BB28E9A2C36D6A60073E5FF /* PBXTargetDependency */ = {
			isa = PBXTargetDependency;
			target = 3BB28E772C36D6A50073E5FF /* tip-calculator */;
			targetProxy = 3BB28E992C36D6A60073E5FF /* PBXContainerItemProxy */;
		};
/* End PBXTargetDependency section */

/* Begin PBXVariantGroup section */
		3BB28E862C36D6A60073E5FF /* LaunchScreen.storyboard */ = {
			isa = PBXVariantGroup;
			children = (
				3BB28E872C36D6A60073E5FF /* Base */,
			);
			name = LaunchScreen.storyboard;
			sourceTree = "<group>";
		};
/* End PBXVariantGroup section */

/* Begin XCBuildConfiguration section */
		3BB28EA02C36D6A60073E5FF /* Debug */ = {
			isa = XCBuildConfiguration;
			buildSettings = {
				ALWAYS_SEARCH_USER_PATHS = NO;
				ASSETCATALOG_COMPILER_GENERATE_SWIFT_ASSET_SYMBOL_EXTENSIONS = YES;
				CLANG_ANALYZER_NONNULL = YES;
				CLANG_ANALYZER_NUMBER_OBJECT_CONVERSION = YES_AGGRESSIVE;
				CLANG_CXX_LANGUAGE_STANDARD = "gnu++20";
				CLANG_ENABLE_MODULES = YES;
				CLANG_ENABLE_OBJC_ARC = YES;
				CLANG_ENABLE_OBJC_WEAK = YES;
				CLANG_WARN_BLOCK_CAPTURE_AUTORELEASING = YES;
				CLANG_WARN_BOOL_CONVERSION = YES;
				CLANG_WARN_COMMA = YES;
				CLANG_WARN_CONSTANT_CONVERSION = YES;
				CLANG_WARN_DEPRECATED_OBJC_IMPLEMENTATIONS = YES;
				CLANG_WARN_DIRECT_OBJC_ISA_USAGE = YES_ERROR;
				CLANG_WARN_DOCUMENTATION_COMMENTS = YES;
				CLANG_WARN_EMPTY_BODY = YES;
				CLANG_WARN_ENUM_CONVERSION = YES;
				CLANG_WARN_INFINITE_RECURSION = YES;
				CLANG_WARN_INT_CONVERSION = YES;
				CLANG_WARN_NON_LITERAL_NULL_CONVERSION = YES;
				CLANG_WARN_OBJC_IMPLICIT_RETAIN_SELF = YES;
				CLANG_WARN_OBJC_LITERAL_CONVERSION = YES;
				CLANG_WARN_OBJC_ROOT_CLASS = YES_ERROR;
				CLANG_WARN_QUOTED_INCLUDE_IN_FRAMEWORK_HEADER = YES;
				CLANG_WARN_RANGE_LOOP_ANALYSIS = YES;
				CLANG_WARN_STRICT_PROTOTYPES = YES;
				CLANG_WARN_SUSPICIOUS_MOVE = YES;
				CLANG_WARN_UNGUARDED_AVAILABILITY = YES_AGGRESSIVE;
				CLANG_WARN_UNREACHABLE_CODE = YES;
				CLANG_WARN__DUPLICATE_METHOD_MATCH = YES;
				COPY_PHASE_STRIP = NO;
				DEBUG_INFORMATION_FORMAT = dwarf;
				ENABLE_STRICT_OBJC_MSGSEND = YES;
				ENABLE_TESTABILITY = YES;
				ENABLE_USER_SCRIPT_SANDBOXING = YES;
				GCC_C_LANGUAGE_STANDARD = gnu17;
				GCC_DYNAMIC_NO_PIC = NO;
				GCC_NO_COMMON_BLOCKS = YES;
				GCC_OPTIMIZATION_LEVEL = 0;
				GCC_PREPROCESSOR_DEFINITIONS = (
					"DEBUG=1",
					"$(inherited)",
				);
				GCC_WARN_64_TO_32_BIT_CONVERSION = YES;
				GCC_WARN_ABOUT_RETURN_TYPE = YES_ERROR;
				GCC_WARN_UNDECLARED_SELECTOR = YES;
				GCC_WARN_UNINITIALIZED_AUTOS = YES_AGGRESSIVE;
				GCC_WARN_UNUSED_FUNCTION = YES;
				GCC_WARN_UNUSED_VARIABLE = YES;
				IPHONEOS_DEPLOYMENT_TARGET = 17.4;
				LOCALIZATION_PREFERS_STRING_CATALOGS = YES;
				MTL_ENABLE_DEBUG_INFO = INCLUDE_SOURCE;
				MTL_FAST_MATH = YES;
				ONLY_ACTIVE_ARCH = YES;
				SDKROOT = iphoneos;
				SWIFT_ACTIVE_COMPILATION_CONDITIONS = "DEBUG $(inherited)";
				SWIFT_OPTIMIZATION_LEVEL = "-Onone";
			};
			name = Debug;
		};
		3BB28EA12C36D6A60073E5FF /* Release */ = {
			isa = XCBuildConfiguration;
			buildSettings = {
				ALWAYS_SEARCH_USER_PATHS = NO;
				ASSETCATALOG_COMPILER_GENERATE_SWIFT_ASSET_SYMBOL_EXTENSIONS = YES;
				CLANG_ANALYZER_NONNULL = YES;
				CLANG_ANALYZER_NUMBER_OBJECT_CONVERSION = YES_AGGRESSIVE;
				CLANG_CXX_LANGUAGE_STANDARD = "gnu++20";
				CLANG_ENABLE_MODULES = YES;
				CLANG_ENABLE_OBJC_ARC = YES;
				CLANG_ENABLE_OBJC_WEAK = YES;
				CLANG_WARN_BLOCK_CAPTURE_AUTORELEASING = YES;
				CLANG_WARN_BOOL_CONVERSION = YES;
				CLANG_WARN_COMMA = YES;
				CLANG_WARN_CONSTANT_CONVERSION = YES;
				CLANG_WARN_DEPRECATED_OBJC_IMPLEMENTATIONS = YES;
				CLANG_WARN_DIRECT_OBJC_ISA_USAGE = YES_ERROR;
				CLANG_WARN_DOCUMENTATION_COMMENTS = YES;
				CLANG_WARN_EMPTY_BODY = YES;
				CLANG_WARN_ENUM_CONVERSION = YES;
				CLANG_WARN_INFINITE_RECURSION = YES;
				CLANG_WARN_INT_CONVERSION = YES;
				CLANG_WARN_NON_LITERAL_NULL_CONVERSION = YES;
				CLANG_WARN_OBJC_IMPLICIT_RETAIN_SELF = YES;
				CLANG_WARN_OBJC_LITERAL_CONVERSION = YES;
				CLANG_WARN_OBJC_ROOT_CLASS = YES_ERROR;
				CLANG_WARN_QUOTED_INCLUDE_IN_FRAMEWORK_HEADER = YES;
				CLANG_WARN_RANGE_LOOP_ANALYSIS = YES;
				CLANG_WARN_STRICT_PROTOTYPES = YES;
				CLANG_WARN_SUSPICIOUS_MOVE = YES;
				CLANG_WARN_UNGUARDED_AVAILABILITY = YES_AGGRESSIVE;
				CLANG_WARN_UNREACHABLE_CODE = YES;
				CLANG_WARN__DUPLICATE_METHOD_MATCH = YES;
				COPY_PHASE_STRIP = NO;
				DEBUG_INFORMATION_FORMAT = "dwarf-with-dsym";
				ENABLE_NS_ASSERTIONS = NO;
				ENABLE_STRICT_OBJC_MSGSEND = YES;
				ENABLE_USER_SCRIPT_SANDBOXING = YES;
				GCC_C_LANGUAGE_STANDARD = gnu17;
				GCC_NO_COMMON_BLOCKS = YES;
				GCC_WARN_64_TO_32_BIT_CONVERSION = YES;
				GCC_WARN_ABOUT_RETURN_TYPE = YES_ERROR;
				GCC_WARN_UNDECLARED_SELECTOR = YES;
				GCC_WARN_UNINITIALIZED_AUTOS = YES_AGGRESSIVE;
				GCC_WARN_UNUSED_FUNCTION = YES;
				GCC_WARN_UNUSED_VARIABLE = YES;
				IPHONEOS_DEPLOYMENT_TARGET = 17.4;
				LOCALIZATION_PREFERS_STRING_CATALOGS = YES;
				MTL_ENABLE_DEBUG_INFO = NO;
				MTL_FAST_MATH = YES;
				SDKROOT = iphoneos;
				SWIFT_COMPILATION_MODE = wholemodule;
				VALIDATE_PRODUCT = YES;
			};
			name = Release;
		};
		3BB28EA32C36D6A60073E5FF /* Debug */ = {
			isa = XCBuildConfiguration;
			buildSettings = {
				ASSETCATALOG_COMPILER_APPICON_NAME = AppIcon;
				ASSETCATALOG_COMPILER_GLOBAL_ACCENT_COLOR_NAME = AccentColor;
				CODE_SIGN_STYLE = Automatic;
				CURRENT_PROJECT_VERSION = 1;
				DEVELOPMENT_TEAM = 5BP43NW7P4;
				GENERATE_INFOPLIST_FILE = YES;
				INFOPLIST_FILE = "tip-calculator/Info.plist";
				INFOPLIST_KEY_UIApplicationSupportsIndirectInputEvents = YES;
				INFOPLIST_KEY_UILaunchStoryboardName = LaunchScreen;
				INFOPLIST_KEY_UISupportedInterfaceOrientations_iPad = "UIInterfaceOrientationPortrait UIInterfaceOrientationPortraitUpsideDown UIInterfaceOrientationLandscapeLeft UIInterfaceOrientationLandscapeRight";
				INFOPLIST_KEY_UISupportedInterfaceOrientations_iPhone = "UIInterfaceOrientationPortrait UIInterfaceOrientationLandscapeLeft UIInterfaceOrientationLandscapeRight";
				LD_RUNPATH_SEARCH_PATHS = (
					"$(inherited)",
					"@executable_path/Frameworks",
				);
				MARKETING_VERSION = 1.0;
				PRODUCT_BUNDLE_IDENTIFIER = "com.kaifu.tip-calculator";
				PRODUCT_NAME = "$(TARGET_NAME)";
				SWIFT_EMIT_LOC_STRINGS = YES;
				SWIFT_VERSION = 5.0;
				TARGETED_DEVICE_FAMILY = "1,2";
			};
			name = Debug;
		};
		3BB28EA42C36D6A60073E5FF /* Release */ = {
			isa = XCBuildConfiguration;
			buildSettings = {
				ASSETCATALOG_COMPILER_APPICON_NAME = AppIcon;
				ASSETCATALOG_COMPILER_GLOBAL_ACCENT_COLOR_NAME = AccentColor;
				CODE_SIGN_STYLE = Automatic;
				CURRENT_PROJECT_VERSION = 1;
				DEVELOPMENT_TEAM = 5BP43NW7P4;
				GENERATE_INFOPLIST_FILE = YES;
				INFOPLIST_FILE = "tip-calculator/Info.plist";
				INFOPLIST_KEY_UIApplicationSupportsIndirectInputEvents = YES;
				INFOPLIST_KEY_UILaunchStoryboardName = LaunchScreen;
				INFOPLIST_KEY_UISupportedInterfaceOrientations_iPad = "UIInterfaceOrientationPortrait UIInterfaceOrientationPortraitUpsideDown UIInterfaceOrientationLandscapeLeft UIInterfaceOrientationLandscapeRight";
				INFOPLIST_KEY_UISupportedInterfaceOrientations_iPhone = "UIInterfaceOrientationPortrait UIInterfaceOrientationLandscapeLeft UIInterfaceOrientationLandscapeRight";
				LD_RUNPATH_SEARCH_PATHS = (
					"$(inherited)",
					"@executable_path/Frameworks",
				);
				MARKETING_VERSION = 1.0;
				PRODUCT_BUNDLE_IDENTIFIER = "com.kaifu.tip-calculator";
				PRODUCT_NAME = "$(TARGET_NAME)";
				SWIFT_EMIT_LOC_STRINGS = YES;
				SWIFT_VERSION = 5.0;
				TARGETED_DEVICE_FAMILY = "1,2";
			};
			name = Release;
		};
		3BB28EA62C36D6A60073E5FF /* Debug */ = {
			isa = XCBuildConfiguration;
			buildSettings = {
				ALWAYS_EMBED_SWIFT_STANDARD_LIBRARIES = YES;
				BUNDLE_LOADER = "$(TEST_HOST)";
				CODE_SIGN_STYLE = Automatic;
				CURRENT_PROJECT_VERSION = 1;
				DEVELOPMENT_TEAM = 5BP43NW7P4;
				GENERATE_INFOPLIST_FILE = YES;
				IPHONEOS_DEPLOYMENT_TARGET = 17.4;
				MARKETING_VERSION = 1.0;
				PRODUCT_BUNDLE_IDENTIFIER = "com.kaifu.tip-calculatorTests";
				PRODUCT_NAME = "$(TARGET_NAME)";
				SWIFT_EMIT_LOC_STRINGS = NO;
				SWIFT_VERSION = 5.0;
				TARGETED_DEVICE_FAMILY = "1,2";
				TEST_HOST = "$(BUILT_PRODUCTS_DIR)/tip-calculator.app/$(BUNDLE_EXECUTABLE_FOLDER_PATH)/tip-calculator";
			};
			name = Debug;
		};
		3BB28EA72C36D6A60073E5FF /* Release */ = {
			isa = XCBuildConfiguration;
			buildSettings = {
				ALWAYS_EMBED_SWIFT_STANDARD_LIBRARIES = YES;
				BUNDLE_LOADER = "$(TEST_HOST)";
				CODE_SIGN_STYLE = Automatic;
				CURRENT_PROJECT_VERSION = 1;
				DEVELOPMENT_TEAM = 5BP43NW7P4;
				GENERATE_INFOPLIST_FILE = YES;
				IPHONEOS_DEPLOYMENT_TARGET = 17.4;
				MARKETING_VERSION = 1.0;
				PRODUCT_BUNDLE_IDENTIFIER = "com.kaifu.tip-calculatorTests";
				PRODUCT_NAME = "$(TARGET_NAME)";
				SWIFT_EMIT_LOC_STRINGS = NO;
				SWIFT_VERSION = 5.0;
				TARGETED_DEVICE_FAMILY = "1,2";
				TEST_HOST = "$(BUILT_PRODUCTS_DIR)/tip-calculator.app/$(BUNDLE_EXECUTABLE_FOLDER_PATH)/tip-calculator";
			};
			name = Release;
		};
		3BB28EA92C36D6A60073E5FF /* Debug */ = {
			isa = XCBuildConfiguration;
			buildSettings = {
				ALWAYS_EMBED_SWIFT_STANDARD_LIBRARIES = YES;
				CODE_SIGN_STYLE = Automatic;
				CURRENT_PROJECT_VERSION = 1;
				DEVELOPMENT_TEAM = 5BP43NW7P4;
				GENERATE_INFOPLIST_FILE = YES;
				MARKETING_VERSION = 1.0;
				PRODUCT_BUNDLE_IDENTIFIER = "com.kaifu.tip-calculatorUITests";
				PRODUCT_NAME = "$(TARGET_NAME)";
				SWIFT_EMIT_LOC_STRINGS = NO;
				SWIFT_VERSION = 5.0;
				TARGETED_DEVICE_FAMILY = "1,2";
				TEST_TARGET_NAME = "tip-calculator";
			};
			name = Debug;
		};
		3BB28EAA2C36D6A60073E5FF /* Release */ = {
			isa = XCBuildConfiguration;
			buildSettings = {
				ALWAYS_EMBED_SWIFT_STANDARD_LIBRARIES = YES;
				CODE_SIGN_STYLE = Automatic;
				CURRENT_PROJECT_VERSION = 1;
				DEVELOPMENT_TEAM = 5BP43NW7P4;
				GENERATE_INFOPLIST_FILE = YES;
				MARKETING_VERSION = 1.0;
				PRODUCT_BUNDLE_IDENTIFIER = "com.kaifu.tip-calculatorUITests";
				PRODUCT_NAME = "$(TARGET_NAME)";
				SWIFT_EMIT_LOC_STRINGS = NO;
				SWIFT_VERSION = 5.0;
				TARGETED_DEVICE_FAMILY = "1,2";
				TEST_TARGET_NAME = "tip-calculator";
			};
			name = Release;
		};
/* End XCBuildConfiguration section */

/* Begin XCConfigurationList section */
		3BB28E732C36D6A50073E5FF /* Build configuration list for PBXProject "tip-calculator" */ = {
			isa = XCConfigurationList;
			buildConfigurations = (
				3BB28EA02C36D6A60073E5FF /* Debug */,
				3BB28EA12C36D6A60073E5FF /* Release */,
			);
			defaultConfigurationIsVisible = 0;
			defaultConfigurationName = Release;
		};
		3BB28EA22C36D6A60073E5FF /* Build configuration list for PBXNativeTarget "tip-calculator" */ = {
			isa = XCConfigurationList;
			buildConfigurations = (
				3BB28EA32C36D6A60073E5FF /* Debug */,
				3BB28EA42C36D6A60073E5FF /* Release */,
			);
			defaultConfigurationIsVisible = 0;
			defaultConfigurationName = Release;
		};
		3BB28EA52C36D6A60073E5FF /* Build configuration list for PBXNativeTarget "tip-calculatorTests" */ = {
			isa = XCConfigurationList;
			buildConfigurations = (
				3BB28EA62C36D6A60073E5FF /* Debug */,
				3BB28EA72C36D6A60073E5FF /* Release */,
			);
			defaultConfigurationIsVisible = 0;
			defaultConfigurationName = Release;
		};
		3BB28EA82C36D6A60073E5FF /* Build configuration list for PBXNativeTarget "tip-calculatorUITests" */ = {
			isa = XCConfigurationList;
			buildConfigurations = (
				3BB28EA92C36D6A60073E5FF /* Debug */,
				3BB28EAA2C36D6A60073E5FF /* Release */,
			);
			defaultConfigurationIsVisible = 0;
			defaultConfigurationName = Release;
		};
/* End XCConfigurationList section */

/* Begin XCRemoteSwiftPackageReference section */
		3BB28EAB2C36DBBB0073E5FF /* XCRemoteSwiftPackageReference "CombineCocoa" */ = {
			isa = XCRemoteSwiftPackageReference;
			repositoryURL = "https://github.com/CombineCommunity/CombineCocoa";
			requirement = {
				kind = upToNextMinorVersion;
				minimumVersion = 0.4.1;
			};
		};
		3BB28EAE2C36DBDB0073E5FF /* XCRemoteSwiftPackageReference "SnapKit" */ = {
			isa = XCRemoteSwiftPackageReference;
			repositoryURL = "https://github.com/SnapKit/SnapKit";
			requirement = {
				kind = upToNextMinorVersion;
				minimumVersion = 5.7.1;
			};
		};
		3BB28EB42C36DC770073E5FF /* XCRemoteSwiftPackageReference "swift-snapshot-testing" */ = {
			isa = XCRemoteSwiftPackageReference;
			repositoryURL = "https://github.com/pointfreeco/swift-snapshot-testing";
			requirement = {
				kind = upToNextMinorVersion;
				minimumVersion = 1.16.2;
			};
		};
/* End XCRemoteSwiftPackageReference section */

/* Begin XCSwiftPackageProductDependency section */
		3BB28EAC2C36DBBB0073E5FF /* CombineCocoa */ = {
			isa = XCSwiftPackageProductDependency;
			package = 3BB28EAB2C36DBBB0073E5FF /* XCRemoteSwiftPackageReference "CombineCocoa" */;
			productName = CombineCocoa;
		};
		3BB28EAF2C36DBDB0073E5FF /* SnapKit */ = {
			isa = XCSwiftPackageProductDependency;
			package = 3BB28EAE2C36DBDB0073E5FF /* XCRemoteSwiftPackageReference "SnapKit" */;
			productName = SnapKit;
		};
		3BB28EB22C36DC070073E5FF /* CombineCocoa */ = {
			isa = XCSwiftPackageProductDependency;
			package = 3BB28EAB2C36DBBB0073E5FF /* XCRemoteSwiftPackageReference "CombineCocoa" */;
			productName = CombineCocoa;
		};
		3BB28EB52C36DC770073E5FF /* SnapshotTesting */ = {
			isa = XCSwiftPackageProductDependency;
			package = 3BB28EB42C36DC770073E5FF /* XCRemoteSwiftPackageReference "swift-snapshot-testing" */;
			productName = SnapshotTesting;
		};
		3BB28EB72C36DC910073E5FF /* CombineCocoa */ = {
			isa = XCSwiftPackageProductDependency;
			package = 3BB28EAB2C36DBBB0073E5FF /* XCRemoteSwiftPackageReference "CombineCocoa" */;
			productName = CombineCocoa;
		};
/* End XCSwiftPackageProductDependency section */
	};
	rootObject = 3BB28E702C36D6A50073E5FF /* Project object */;
}
